
Microsoft Visual Studio Solution File, Format Version 12.00
# Visual Studio Version 17
VisualStudioVersion = 17.9.34723.18
MinimumVisualStudioVersion = 10.0.40219.1
Project("{FAE04EC0-301F-11D3-BF4B-00C04F79EFBC}") = "Razor_Converter", "Razor_Converter\Razor_Converter.csproj", "{A588E67E-1DD2-48B3-B5AF-6718BE3B3516}"
EndProject
Global
	GlobalSection(SolutionConfigurationPlatforms) = preSolution
		Debug|Any CPU = Debug|Any CPU
		Release|Any CPU = Release|Any CPU
	EndGlobalSection
	GlobalSection(ProjectConfigurationPlatforms) = postSolution
		{A588E67E-1DD2-48B3-B5AF-6718BE3B3516}.Debug|Any CPU.ActiveCfg = Debug|Any CPU
		{A588E67E-1DD2-48B3-B5AF-6718BE3B3516}.Debug|Any CPU.Build.0 = Debug|Any CPU
		{A588E67E-1DD2-48B3-B5AF-6718BE3B3516}.Release|Any CPU.ActiveCfg = Release|Any CPU
		{A588E67E-1DD2-48B3-B5AF-6718BE3B3516}.Release|Any CPU.Build.0 = Release|Any CPU
	EndGlobalSection
	GlobalSection(SolutionProperties) = preSolution
		HideSolutionNode = FALSE
	EndGlobalSection
	GlobalSection(ExtensibilityGlobals) = postSolution
		SolutionGuid = {8FF802C8-BC8D-4837-A8B8-DC697D671CAC}
	EndGlobalSection
EndGlobal
